PODS:
  - Alamofire (1.3.1)
  - Bolts (1.5.1):
    - Bolts/AppLinks (= 1.5.1)
    - Bolts/Tasks (= 1.5.1)
  - Bolts/AppLinks (1.5.1):
    - Bolts/Tasks
  - Bolts/Tasks (1.5.1)
  - FBSDKCoreKit (4.8.0):
    - Bolts (~> 1.1)
    - FBSDKCoreKit/arc (= 4.8.0)
    - FBSDKCoreKit/no-arc (= 4.8.0)
  - FBSDKCoreKit/arc (4.8.0):
    - Bolts (~> 1.1)
  - FBSDKCoreKit/no-arc (4.8.0):
    - Bolts (~> 1.1)
    - FBSDKCoreKit/arc
  - FBSDKLoginKit (4.8.0):
    - FBSDKCoreKit
  - Google/Core (1.3.2):
    - GoogleInterchangeUtilities (~> 1.0)
    - GoogleNetworkingUtilities (~> 1.0)
    - GoogleSymbolUtilities (~> 1.0)
    - GoogleUtilities (~> 1.1)
  - Google/SignIn (1.3.2):
    - Google/Core
    - GoogleSignIn (~> 2.0)
  - GoogleAppUtilities (1.0.0):
    - GoogleSymbolUtilities (~> 1.0)
  - GoogleAuthUtilities (1.0.1):
    - GoogleNetworkingUtilities (~> 1.0)
    - GoogleSymbolUtilities (~> 1.0)
  - GoogleInterchangeUtilities (1.1.0):
    - GoogleSymbolUtilities (~> 1.0)
  - GoogleNetworkingUtilities (1.0.0):
    - GoogleSymbolUtilities (~> 1.0)
  - GoogleSignIn (2.4.0):
    - GoogleAppUtilities (~> 1.0)
    - GoogleAuthUtilities (~> 1.0)
    - GoogleNetworkingUtilities (~> 1.0)
    - GoogleUtilities (~> 1.0)
  - GoogleSymbolUtilities (1.0.3)
  - GoogleUtilities (1.1.0):
    - GoogleSymbolUtilities (~> 1.0.0)
  - MBProgressHUD (0.9.2)
  - wavelabs_ios_client_app (0.2.5):
    - Alamofire (~> 1.3.1)
    - MBProgressHUD (~> 0.9.0)

DEPENDENCIES:
  - FBSDKCoreKit
  - FBSDKLoginKit
  - Google/SignIn
  - wavelabs_ios_client_app (~> 0.2.5)

SPEC CHECKSUMS:
  Alamofire: e4ab637e3195b645c814b87a652373439e59f2a4
  Bolts: a12663244b1d3351c738882e71902fc74db54f64
  FBSDKCoreKit: 66a935d17b6e00b6b64e604f2eb9b72c9ab7deb8
  FBSDKLoginKit: d893fcbb98d854496925e9ff73c67b896982d3c4
  Google: 97618e118111b998cce1d8dd1bd98b82301d72db
  GoogleAppUtilities: c01c6a5671e9da8b9d690fdaec5959d6c2aac699
  GoogleAuthUtilities: 049ffd3a297cdffd271451b82fd4e75304f15ef3
  GoogleInterchangeUtilities: d7f7174176fbcf9710f696f1acebad4dbd98ac03
  GoogleNetworkingUtilities: 292992ab31b7b4ba32809a0e8b40e324cdfb2c0c
  GoogleSignIn: 79929b51e6299c69f1197bbd9c7a1367d523ecd8
  GoogleSymbolUtilities: 82ad9f93d3615244b3f4ce440f5ab2515e8b4f56
  GoogleUtilities: 8ed9134debe11719097881711464752900668f10
  MBProgressHUD: 1569cf7ace17a8bac47aabfbb8580a49690386d1
  wavelabs_ios_client_app: 034ce32f3919c597f135c3f6343c61168bc3459b

COCOAPODS: 0.39.0
